
Microsoft Visual Studio Solution File, Format Version 12.00
# Visual Studio Version 17
VisualStudioVersion = 17.1.32407.343
MinimumVisualStudioVersion = 10.0.40219.1
Project("{9A19103F-16F7-4668-BE54-9A1E7A4F7556}") = "PinPointCallerVersionOne", "PinPointCallerVersionOne.csproj", "{65393472-28BA-4CD1-A9E2-8A86A78ABBAB}"
EndProject
Global
	GlobalSection(SolutionConfigurationPlatforms) = preSolution
		Debug|Any CPU = Debug|Any CPU
		Release|Any CPU = Release|Any CPU
	EndGlobalSection
	GlobalSection(ProjectConfigurationPlatforms) = postSolution
		{65393472-28BA-4CD1-A9E2-8A86A78ABBAB}.Debug|Any CPU.ActiveCfg = Debug|Any CPU
		{65393472-28BA-4CD1-A9E2-8A86A78ABBAB}.Debug|Any CPU.Build.0 = Debug|Any CPU
		{65393472-28BA-4CD1-A9E2-8A86A78ABBAB}.Release|Any CPU.ActiveCfg = Release|Any CPU
		{65393472-28BA-4CD1-A9E2-8A86A78ABBAB}.Release|Any CPU.Build.0 = Release|Any CPU
	EndGlobalSection
	GlobalSection(SolutionProperties) = preSolution
		HideSolutionNode = FALSE
	EndGlobalSection
	GlobalSection(ExtensibilityGlobals) = postSolution
		SolutionGuid = {CAEEEEB2-85F3-4627-94B0-B083C9AA7098}
	EndGlobalSection
EndGlobal
